
Microsoft Visual Studio Solution File, Format Version 12.00
# Visual Studio Version 16
VisualStudioVersion = 16.0.30204.135
MinimumVisualStudioVersion = 10.0.40219.1
Project("{8BC9CEB8-8B4A-11D0-8D11-00A0C91BC942}") = "ViDataCollector", "ViDataCollector\ViDataCollector.vcxproj", "{EC57BD10-2774-4D89-884C-D19603707EC5}"
EndProject
Global
	GlobalSection(SolutionConfigurationPlatforms) = preSolution
		Debug|x64 = Debug|x64
		Debug|x86 = Debug|x86
		Release|x64 = Release|x64
		Release|x86 = Release|x86
	EndGlobalSection
	GlobalSection(ProjectConfigurationPlatforms) = postSolution
		{EC57BD10-2774-4D89-884C-D19603707EC5}.Debug|x64.ActiveCfg = Debug|x64
		{EC57BD10-2774-4D89-884C-D19603707EC5}.Debug|x64.Build.0 = Debug|x64
		{EC57BD10-2774-4D89-884C-D19603707EC5}.Debug|x86.ActiveCfg = Debug|Win32
		{EC57BD10-2774-4D89-884C-D19603707EC5}.Debug|x86.Build.0 = Debug|Win32
		{EC57BD10-2774-4D89-884C-D19603707EC5}.Release|x64.ActiveCfg = Release|x64
		{EC57BD10-2774-4D89-884C-D19603707EC5}.Release|x64.Build.0 = Release|x64
		{EC57BD10-2774-4D89-884C-D19603707EC5}.Release|x86.ActiveCfg = Release|Win32
		{EC57BD10-2774-4D89-884C-D19603707EC5}.Release|x86.Build.0 = Release|Win32
	EndGlobalSection
	GlobalSection(SolutionProperties) = preSolution
		HideSolutionNode = FALSE
	EndGlobalSection
	GlobalSection(ExtensibilityGlobals) = postSolution
		SolutionGuid = {583858DB-5625-43AB-83D5-35FC6B42E390}
	EndGlobalSection
EndGlobal
