<?xml version="1.0" encoding="utf-8"?>
<Project ToolsVersion="4.0" xmlns="http://schemas.microsoft.com/developer/msbuild/2003">
  <ItemGroup>
    <Filter Include="Resource Files">
      <UniqueIdentifier>{67DA6AB6-F800-4c08-8B7A-83BB121AAD01}</UniqueIdentifier>
      <Extensions>rc;ico;cur;bmp;dlg;rc2;rct;bin;rgs;gif;jpg;jpeg;jpe;resx;tiff;tif;png;wav;mfcribbon-ms</Extensions>
    </Filter>
    <Filter Include="Xml">
      <UniqueIdentifier>{403cac93-0c89-4c22-8725-569f4e55d951}</UniqueIdentifier>
    </Filter>
    <Filter Include="Util">
      <UniqueIdentifier>{3acc9cf3-aafd-4ac1-8bff-caefa0f2b937}</UniqueIdentifier>
    </Filter>
    <Filter Include="Time">
      <UniqueIdentifier>{fdc11a3b-eddc-4fc7-a1c7-e67e2a84cdae}</UniqueIdentifier>
    </Filter>
    <Filter Include="Symbol">
      <UniqueIdentifier>{3fa81796-5c60-4406-8893-00eab10a6829}</UniqueIdentifier>
    </Filter>
    <Filter Include="EbCtrl">
      <UniqueIdentifier>{76aa5c89-2b26-4063-b987-7fb56efb0b1d}</UniqueIdentifier>
    </Filter>
    <Filter Include="Task">
      <UniqueIdentifier>{67b6d56d-05d6-4fe3-9f89-7ec81ef27724}</UniqueIdentifier>
    </Filter>
    <Filter Include="Main">
      <UniqueIdentifier>{ba753437-44a8-4b2c-89e7-6aa4ad4cc3b3}</UniqueIdentifier>
    </Filter>
    <Filter Include="Archieve">
      <UniqueIdentifier>{8e1cfac6-10e1-4936-8a8e-5df80043be0f}</UniqueIdentifier>
    </Filter>
    <Filter Include="Chart">
      <UniqueIdentifier>{e2cdbd75-2a6b-4218-a40c-d4efdda78e62}</UniqueIdentifier>
    </Filter>
    <Filter Include="Config">
      <UniqueIdentifier>{d809a5e4-cb91-447e-888f-afcf13f42482}</UniqueIdentifier>
    </Filter>
    <Filter Include="File">
      <UniqueIdentifier>{b0b41479-06e8-404f-8171-1640b31a3c61}</UniqueIdentifier>
    </Filter>
    <Filter Include="Format">
      <UniqueIdentifier>{8af9f14c-eedf-4454-8d1e-9aedd951ed87}</UniqueIdentifier>
    </Filter>
    <Filter Include="Global">
      <UniqueIdentifier>{a6496c18-a234-4584-9bb9-050a5cdf2838}</UniqueIdentifier>
    </Filter>
    <Filter Include="HDCtrl">
      <UniqueIdentifier>{f7eed01c-0151-49a3-8b81-c11c2b331932}</UniqueIdentifier>
    </Filter>
    <Filter Include="Grid">
      <UniqueIdentifier>{116137bb-8d90-41b1-a5e2-1d022b02998b}</UniqueIdentifier>
    </Filter>
    <Filter Include="Hoga">
      <UniqueIdentifier>{2ea3606c-7e1b-4b52-9bb0-525e6a885208}</UniqueIdentifier>
    </Filter>
    <Filter Include="Json">
      <UniqueIdentifier>{19386a44-3f97-454b-af69-1b33089995fc}</UniqueIdentifier>
    </Filter>
    <Filter Include="Log">
      <UniqueIdentifier>{bd799e58-c2da-43c3-adc5-8ac2d4133c07}</UniqueIdentifier>
    </Filter>
    <Filter Include="Login">
      <UniqueIdentifier>{0c3a091e-ec78-4aea-9823-12bed40c695f}</UniqueIdentifier>
    </Filter>
    <Filter Include="Quote">
      <UniqueIdentifier>{e099c8c5-f44a-4013-9990-1d8a94533c69}</UniqueIdentifier>
    </Filter>
    <Filter Include="Network">
      <UniqueIdentifier>{81e13916-43a3-4d89-895c-ba1ba5afd623}</UniqueIdentifier>
    </Filter>
    <Filter Include="Database">
      <UniqueIdentifier>{2c6709a7-3690-4dac-a571-cccc88416478}</UniqueIdentifier>
    </Filter>
  </ItemGroup>
  <ItemGroup>
    <ClInclude Include="Xml\pugiconfig.hpp">
      <Filter>Xml</Filter>
    </ClInclude>
    <ClInclude Include="Xml\pugixml.hpp">
      <Filter>Xml</Filter>
    </ClInclude>
    <ClInclude Include="Util\cryptor.hpp">
      <Filter>Util</Filter>
    </ClInclude>
    <ClInclude Include="Util\FontSize.h">
      <Filter>Util</Filter>
    </ClInclude>
    <ClInclude Include="Util\formatstdstring.h">
      <Filter>Util</Filter>
    </ClInclude>
    <ClInclude Include="Util\GradientStatic.h">
      <Filter>Util</Filter>
    </ClInclude>
    <ClInclude Include="Util\SmUtil.h">
      <Filter>Util</Filter>
    </ClInclude>
    <ClInclude Include="Util\txtnum.h">
      <Filter>Util</Filter>
    </ClInclude>
    <ClInclude Include="Util\VtStringUtil.h">
      <Filter>Util</Filter>
    </ClInclude>
    <ClInclude Include="Util\VtTime.h">
      <Filter>Util</Filter>
    </ClInclude>
    <ClInclude Include="Util\XColorStatic.h">
      <Filter>Util</Filter>
    </ClInclude>
    <ClInclude Include="Util\xNetCardInfo.h">
      <Filter>Util</Filter>
    </ClInclude>
    <ClInclude Include="Time\cpptime.h">
      <Filter>Time</Filter>
    </ClInclude>
    <ClInclude Include="EbCtrl\EbDefine.h">
      <Filter>EbCtrl</Filter>
    </ClInclude>
    <ClInclude Include="EbCtrl\EbGlobal.h">
      <Filter>EbCtrl</Filter>
    </ClInclude>
    <ClInclude Include="EbCtrl\IXingAPI.h">
      <Filter>EbCtrl</Filter>
    </ClInclude>
    <ClInclude Include="Task\BlockingCollection.h">
      <Filter>Task</Filter>
    </ClInclude>
    <ClInclude Include="Task\HdTaskArg.h">
      <Filter>Task</Filter>
    </ClInclude>
    <ClInclude Include="Task\HdTaskEventArg.h">
      <Filter>Task</Filter>
    </ClInclude>
    <ClInclude Include="Task\SmCallbackManager.h">
      <Filter>Task</Filter>
    </ClInclude>
    <ClInclude Include="Task\SmRealtimeHogaManager.h">
      <Filter>Task</Filter>
    </ClInclude>
    <ClInclude Include="Task\SmRealtimeQuoteManager.h">
      <Filter>Task</Filter>
    </ClInclude>
    <ClInclude Include="Task\ViServerDataReceiver.h">
      <Filter>Task</Filter>
    </ClInclude>
    <ClInclude Include="Task\VtProgressDlg.h">
      <Filter>Task</Filter>
    </ClInclude>
    <ClInclude Include="framework.h">
      <Filter>Main</Filter>
    </ClInclude>
    <ClInclude Include="pch.h">
      <Filter>Main</Filter>
    </ClInclude>
    <ClInclude Include="Resource.h">
      <Filter>Main</Filter>
    </ClInclude>
    <ClInclude Include="targetver.h">
      <Filter>Main</Filter>
    </ClInclude>
    <ClInclude Include="ViDataCollector.h">
      <Filter>Main</Filter>
    </ClInclude>
    <ClInclude Include="ViDataCollectorDlg.h">
      <Filter>Main</Filter>
    </ClInclude>
    <ClInclude Include="Util\BtnST.h">
      <Filter>Util</Filter>
    </ClInclude>
    <ClInclude Include="Util\CeXDib.h">
      <Filter>Util</Filter>
    </ClInclude>
    <ClInclude Include="Util\ShadeButtonST.h">
      <Filter>Util</Filter>
    </ClInclude>
    <ClInclude Include="Archieve\VtSaveManager.h">
      <Filter>Archieve</Filter>
    </ClInclude>
    <ClInclude Include="Chart\SmChartData.h">
      <Filter>Chart</Filter>
    </ClInclude>
    <ClInclude Include="Chart\SmChartDataManager.h">
      <Filter>Chart</Filter>
    </ClInclude>
    <ClInclude Include="Chart\SmChartDefine.h">
      <Filter>Chart</Filter>
    </ClInclude>
    <ClInclude Include="Config\IniFile.h">
      <Filter>Config</Filter>
    </ClInclude>
    <ClInclude Include="Config\ZmConfigManager.h">
      <Filter>Config</Filter>
    </ClInclude>
    <ClInclude Include="File\fwd.h">
      <Filter>File</Filter>
    </ClInclude>
    <ClInclude Include="File\path.h">
      <Filter>File</Filter>
    </ClInclude>
    <ClInclude Include="File\resolver.h">
      <Filter>File</Filter>
    </ClInclude>
    <ClInclude Include="Format\core.h">
      <Filter>Format</Filter>
    </ClInclude>
    <ClInclude Include="Format\format.h">
      <Filter>Format</Filter>
    </ClInclude>
    <ClInclude Include="Format\format-inl.h">
      <Filter>Format</Filter>
    </ClInclude>
    <ClInclude Include="Format\ostream.h">
      <Filter>Format</Filter>
    </ClInclude>
    <ClInclude Include="Format\posix.h">
      <Filter>Format</Filter>
    </ClInclude>
    <ClInclude Include="Format\printf.h">
      <Filter>Format</Filter>
    </ClInclude>
    <ClInclude Include="Format\ranges.h">
      <Filter>Format</Filter>
    </ClInclude>
    <ClInclude Include="Format\time.h">
      <Filter>Format</Filter>
    </ClInclude>
    <ClInclude Include="Format\XFormatNumber.h">
      <Filter>Format</Filter>
    </ClInclude>
    <ClInclude Include="Global\TemplateSingleton.h">
      <Filter>Global</Filter>
    </ClInclude>
    <ClInclude Include="Global\VtDefine.h">
      <Filter>Global</Filter>
    </ClInclude>
    <ClInclude Include="Global\VtGlobal.h">
      <Filter>Global</Filter>
    </ClInclude>
    <ClInclude Include="HdCtrl\HdClient.h">
      <Filter>HDCtrl</Filter>
    </ClInclude>
    <ClInclude Include="HdCtrl\HdCtrl.h">
      <Filter>HDCtrl</Filter>
    </ClInclude>
    <ClInclude Include="HdCtrl\HDDefine.h">
      <Filter>HDCtrl</Filter>
    </ClInclude>
    <ClInclude Include="HdCtrl\hdfcommagent.h">
      <Filter>HDCtrl</Filter>
    </ClInclude>
    <ClInclude Include="Grid\CellRange.h">
      <Filter>Grid</Filter>
    </ClInclude>
    <ClInclude Include="Grid\GridCell.h">
      <Filter>Grid</Filter>
    </ClInclude>
    <ClInclude Include="Grid\GridCellBase.h">
      <Filter>Grid</Filter>
    </ClInclude>
    <ClInclude Include="Grid\GridCtrl.h">
      <Filter>Grid</Filter>
    </ClInclude>
    <ClInclude Include="Grid\GridDropTarget.h">
      <Filter>Grid</Filter>
    </ClInclude>
    <ClInclude Include="Grid\InPlaceEdit.h">
      <Filter>Grid</Filter>
    </ClInclude>
    <ClInclude Include="Grid\MemDC.h">
      <Filter>Grid</Filter>
    </ClInclude>
    <ClInclude Include="Grid\TitleTip.h">
      <Filter>Grid</Filter>
    </ClInclude>
    <ClInclude Include="Hoga\VtHoga.h">
      <Filter>Hoga</Filter>
    </ClInclude>
    <ClInclude Include="Json\json.hpp">
      <Filter>Json</Filter>
    </ClInclude>
    <ClInclude Include="Log\loguru.hpp">
      <Filter>Log</Filter>
    </ClInclude>
    <ClInclude Include="Login\VtLogInDlg.h">
      <Filter>Login</Filter>
    </ClInclude>
    <ClInclude Include="Login\VtLoginManager.h">
      <Filter>Login</Filter>
    </ClInclude>
    <ClInclude Include="Quote\SmQuoteDefine.h">
      <Filter>Quote</Filter>
    </ClInclude>
    <ClInclude Include="Quote\SmQuoteItem.h">
      <Filter>Quote</Filter>
    </ClInclude>
    <ClInclude Include="Quote\VtQuote.h">
      <Filter>Quote</Filter>
    </ClInclude>
    <ClInclude Include="Network\SmErrorHandler.h">
      <Filter>Network</Filter>
    </ClInclude>
    <ClInclude Include="Network\SmNetClient.h">
      <Filter>Network</Filter>
    </ClInclude>
    <ClInclude Include="Network\SmNetDefine.h">
      <Filter>Network</Filter>
    </ClInclude>
    <ClInclude Include="Network\SmProtocolManager.h">
      <Filter>Network</Filter>
    </ClInclude>
    <ClInclude Include="Network\SmServiceDefine.h">
      <Filter>Network</Filter>
    </ClInclude>
    <ClInclude Include="Network\SmSessionManager.h">
      <Filter>Network</Filter>
    </ClInclude>
    <ClInclude Include="Network\SmWebsocketSession.h">
      <Filter>Network</Filter>
    </ClInclude>
    <ClInclude Include="Config\SmConfigManager.h">
      <Filter>Config</Filter>
    </ClInclude>
    <ClInclude Include="Database\SmMongoDBManager.h">
      <Filter>Database</Filter>
    </ClInclude>
    <ClInclude Include="Database\SmTimeSeriesDBManager.h">
      <Filter>Database</Filter>
    </ClInclude>
    <ClInclude Include="Database\SmTimeSeriesServiceManager.h">
      <Filter>Database</Filter>
    </ClInclude>
    <ClInclude Include="Util\SmUtfUtil.h">
      <Filter>Util</Filter>
    </ClInclude>
    <ClInclude Include="Symbol\HdProductInfo.h">
      <Filter>Symbol</Filter>
    </ClInclude>
    <ClInclude Include="Symbol\SmMarket.h">
      <Filter>Symbol</Filter>
    </ClInclude>
    <ClInclude Include="Symbol\SmMarketManager.h">
      <Filter>Symbol</Filter>
    </ClInclude>
    <ClInclude Include="Symbol\SmProduct.h">
      <Filter>Symbol</Filter>
    </ClInclude>
    <ClInclude Include="Symbol\SmProductYearMonth.h">
      <Filter>Symbol</Filter>
    </ClInclude>
    <ClInclude Include="Symbol\SmRunInfo.h">
      <Filter>Symbol</Filter>
    </ClInclude>
    <ClInclude Include="Symbol\SmSymbol.h">
      <Filter>Symbol</Filter>
    </ClInclude>
    <ClInclude Include="Symbol\SmSymbolManager.h">
      <Filter>Symbol</Filter>
    </ClInclude>
    <ClInclude Include="Symbol\SmSymbolReader.h">
      <Filter>Symbol</Filter>
    </ClInclude>
    <ClInclude Include="Symbol\VtRealtimeRegisterManager.h">
      <Filter>Symbol</Filter>
    </ClInclude>
    <ClInclude Include="Hoga\SmHogaDefine.h">
      <Filter>Hoga</Filter>
    </ClInclude>
    <ClInclude Include="Database\MongoDBInstance.h">
      <Filter>Database</Filter>
    </ClInclude>
  </ItemGroup>
  <ItemGroup>
    <ClCompile Include="Xml\pugixml.cpp">
      <Filter>Xml</Filter>
    </ClCompile>
    <ClCompile Include="Util\FontSize.cpp">
      <Filter>Util</Filter>
    </ClCompile>
    <ClCompile Include="Util\GradientStatic.cpp">
      <Filter>Util</Filter>
    </ClCompile>
    <ClCompile Include="Util\SmUtil.cpp">
      <Filter>Util</Filter>
    </ClCompile>
    <ClCompile Include="Util\txtnum.cpp">
      <Filter>Util</Filter>
    </ClCompile>
    <ClCompile Include="Util\VtStringUtil.cpp">
      <Filter>Util</Filter>
    </ClCompile>
    <ClCompile Include="Util\XColorStatic.cpp">
      <Filter>Util</Filter>
    </ClCompile>
    <ClCompile Include="Util\xNetCardInfo.cpp">
      <Filter>Util</Filter>
    </ClCompile>
    <ClCompile Include="Task\HdTaskArg.cpp">
      <Filter>Task</Filter>
    </ClCompile>
    <ClCompile Include="Task\SmCallbackManager.cpp">
      <Filter>Task</Filter>
    </ClCompile>
    <ClCompile Include="Task\SmRealtimeHogaManager.cpp">
      <Filter>Task</Filter>
    </ClCompile>
    <ClCompile Include="Task\SmRealtimeQuoteManager.cpp">
      <Filter>Task</Filter>
    </ClCompile>
    <ClCompile Include="Task\ViServerDataReceiver.cpp">
      <Filter>Task</Filter>
    </ClCompile>
    <ClCompile Include="Task\VtProgressDlg.cpp">
      <Filter>Task</Filter>
    </ClCompile>
    <ClCompile Include="pch.cpp">
      <Filter>Main</Filter>
    </ClCompile>
    <ClCompile Include="ViDataCollector.cpp">
      <Filter>Main</Filter>
    </ClCompile>
    <ClCompile Include="ViDataCollectorDlg.cpp">
      <Filter>Main</Filter>
    </ClCompile>
    <ClCompile Include="Util\BtnST.cpp">
      <Filter>Util</Filter>
    </ClCompile>
    <ClCompile Include="Util\CeXDib.cpp">
      <Filter>Util</Filter>
    </ClCompile>
    <ClCompile Include="Util\ShadeButtonST.cpp">
      <Filter>Util</Filter>
    </ClCompile>
    <ClCompile Include="Archieve\VtSaveManager.cpp">
      <Filter>Archieve</Filter>
    </ClCompile>
    <ClCompile Include="Chart\SmChartData.cpp">
      <Filter>Chart</Filter>
    </ClCompile>
    <ClCompile Include="Chart\SmChartDataManager.cpp">
      <Filter>Chart</Filter>
    </ClCompile>
    <ClCompile Include="Config\IniFile.cpp">
      <Filter>Config</Filter>
    </ClCompile>
    <ClCompile Include="Config\ZmConfigManager.cpp">
      <Filter>Config</Filter>
    </ClCompile>
    <ClCompile Include="Format\format.cc">
      <Filter>Format</Filter>
    </ClCompile>
    <ClCompile Include="Format\posix.cc">
      <Filter>Format</Filter>
    </ClCompile>
    <ClCompile Include="Format\XFormatNumber.cpp">
      <Filter>Format</Filter>
    </ClCompile>
    <ClCompile Include="Global\VtDefine.cpp">
      <Filter>Global</Filter>
    </ClCompile>
    <ClCompile Include="Global\VtGlobal.cpp">
      <Filter>Global</Filter>
    </ClCompile>
    <ClCompile Include="HdCtrl\HdClient.cpp">
      <Filter>HDCtrl</Filter>
    </ClCompile>
    <ClCompile Include="HdCtrl\HdCtrl.cpp">
      <Filter>HDCtrl</Filter>
    </ClCompile>
    <ClCompile Include="HdCtrl\hdfcommagent.cpp">
      <Filter>HDCtrl</Filter>
    </ClCompile>
    <ClCompile Include="Grid\GridCell.cpp">
      <Filter>Grid</Filter>
    </ClCompile>
    <ClCompile Include="Grid\GridCellBase.cpp">
      <Filter>Grid</Filter>
    </ClCompile>
    <ClCompile Include="Grid\GridCtrl.cpp">
      <Filter>Grid</Filter>
    </ClCompile>
    <ClCompile Include="Grid\GridDropTarget.cpp">
      <Filter>Grid</Filter>
    </ClCompile>
    <ClCompile Include="Grid\InPlaceEdit.cpp">
      <Filter>Grid</Filter>
    </ClCompile>
    <ClCompile Include="Grid\TitleTip.cpp">
      <Filter>Grid</Filter>
    </ClCompile>
    <ClCompile Include="Log\loguru.cpp">
      <Filter>Log</Filter>
    </ClCompile>
    <ClCompile Include="Login\VtLogInDlg.cpp">
      <Filter>Login</Filter>
    </ClCompile>
    <ClCompile Include="Login\VtLoginManager.cpp">
      <Filter>Login</Filter>
    </ClCompile>
    <ClCompile Include="Network\SmErrorHandler.cpp">
      <Filter>Network</Filter>
    </ClCompile>
    <ClCompile Include="Network\SmNetClient.cpp">
      <Filter>Network</Filter>
    </ClCompile>
    <ClCompile Include="Network\SmProtocolManager.cpp">
      <Filter>Network</Filter>
    </ClCompile>
    <ClCompile Include="Network\SmSessionManager.cpp">
      <Filter>Network</Filter>
    </ClCompile>
    <ClCompile Include="Network\SmWebsocketSession.cpp">
      <Filter>Network</Filter>
    </ClCompile>
    <ClCompile Include="Config\SmConfigManager.cpp">
      <Filter>Config</Filter>
    </ClCompile>
    <ClCompile Include="Database\SmMongoDBManager.cpp">
      <Filter>Database</Filter>
    </ClCompile>
    <ClCompile Include="Database\SmTimeSeriesDBManager.cpp">
      <Filter>Database</Filter>
    </ClCompile>
    <ClCompile Include="Database\SmTimeSeriesServiceManager.cpp">
      <Filter>Database</Filter>
    </ClCompile>
    <ClCompile Include="Util\SmUtfUtil.cpp">
      <Filter>Util</Filter>
    </ClCompile>
    <ClCompile Include="Symbol\SmMarket.cpp">
      <Filter>Symbol</Filter>
    </ClCompile>
    <ClCompile Include="Symbol\SmMarketManager.cpp">
      <Filter>Symbol</Filter>
    </ClCompile>
    <ClCompile Include="Symbol\SmProduct.cpp">
      <Filter>Symbol</Filter>
    </ClCompile>
    <ClCompile Include="Symbol\SmProductYearMonth.cpp">
      <Filter>Symbol</Filter>
    </ClCompile>
    <ClCompile Include="Symbol\SmSymbol.cpp">
      <Filter>Symbol</Filter>
    </ClCompile>
    <ClCompile Include="Symbol\SmSymbolManager.cpp">
      <Filter>Symbol</Filter>
    </ClCompile>
    <ClCompile Include="Symbol\SmSymbolReader.cpp">
      <Filter>Symbol</Filter>
    </ClCompile>
    <ClCompile Include="Symbol\VtRealtimeRegisterManager.cpp">
      <Filter>Symbol</Filter>
    </ClCompile>
    <ClCompile Include="Database\MongoDBInstance.cpp">
      <Filter>Database</Filter>
    </ClCompile>
  </ItemGroup>
  <ItemGroup>
    <ResourceCompile Include="ViDataCollector.rc">
      <Filter>Resource Files</Filter>
    </ResourceCompile>
  </ItemGroup>
  <ItemGroup>
    <None Include="res\ViDataCollector.rc2">
      <Filter>Resource Files</Filter>
    </None>
  </ItemGroup>
  <ItemGroup>
    <Image Include="res\ViDataCollector.ico">
      <Filter>Resource Files</Filter>
    </Image>
  </ItemGroup>
</Project>